github.com/benbjohnson/clock v1.1.0 h1:Q92kusRqC1XV2MjkWETPvjJVqKetz1OzxZB7mHJLju8=
github.com/davecgh/go-spew v1.1.0/go.mod h1:J7Y8YcW2NihsgmVo/mv3lAwl/skON4iLHjSsI+c5H38=
github.com/davecgh/go-spew v1.1.1 h1:vj9j/u1bqnvCEfJOwUhtlOARqs3+rkHYY13jYWTU97c=
github.com/davecgh/go-spew v1.1.1/go.mod h1:J7Y8YcW2NihsgmVo/mv3lAwl/skON4iLHjSsI+c5H38=
github.com/elazarl/goproxy v0.0.0-20220529153421-8ea89ba92021 h1:EbF0UihnxWRcIMOwoVtqnAylsqcjzqpSvMdjF2Ud4rA=
github.com/gopherjs/gopherjs v0.0.0-20181017120253-0766667cb4d1 h1:EGx4pi6eqNxGaHF6qqu48+N2wcFQ5qg5FXgOdqsJ5d8=
github.com/gopherjs/gopherjs v0.0.0-20181017120253-0766667cb4d1/go.mod h1:wJfORRmW1u3UXTncJ5qlYoELFm8eSnnEO6hX4iZ3EWY=
github.com/haoxu0809/pkg v0.0.0-20220818074036-5b43bfd114b7 h1:nW5jn7AiyJlgm+QOUx1+ncUfACJkm6+RVgFB2IfhFm8=
github.com/haoxu0809/pkg v0.0.0-20220818074036-5b43bfd114b7/go.mod h1:KmcsVvCsBlF+X7hS0TdZmuDrkGg7iBo/QHQejl0rlyA=
github.com/haoxu0809/pkg v0.0.0-20220818074728-f605333ee9ca h1:06vuKAv0rsEjyn7A9wUx6kW+4KZp4xQMAfGZ0DZsHMc=
github.com/haoxu0809/pkg v0.0.0-20220818074728-f605333ee9ca/go.mod h1:KmcsVvCsBlF+X7hS0TdZmuDrkGg7iBo/QHQejl0rlyA=
github.com/haoxu0809/pkg v0.0.0-20220818080537-4bfacef3faf6 h1:g5aCB0pjMyGkzMWdJhtwvG9AZ+3XWs3I1SxXt4FOAJk=
github.com/haoxu0809/pkg v0.0.0-20220818080537-4bfacef3faf6/go.mod h1:KmcsVvCsBlF+X7hS0TdZmuDrkGg7iBo/QHQejl0rlyA=
github.com/haoxu0809/pkg v0.0.0-20220818081027-34f0173c54a3 h1:JDyFXP505ccPsOirOZRsYnOid/xqCbVDtwcT4EUejf0=
github.com/haoxu0809/pkg v0.0.0-20220818081027-34f0173c54a3/go.mod h1:KmcsVvCsBlF+X7hS0TdZmuDrkGg7iBo/QHQejl0rlyA=
github.com/haoxu0809/pkg v0.0.0-20220818082248-21d14034b6fa h1:DdX0Sy/wuxutPqrQAvWyJcbSMAjfgXpUSdklBYR75uk=
github.com/haoxu0809/pkg v0.0.0-20220818082248-21d14034b6fa/go.mod h1:KmcsVvCsBlF+X7hS0TdZmuDrkGg7iBo/QHQejl0rlyA=
github.com/haoxu0809/pkg v0.0.0-20220818095901-e896cfde8789 h1:TtHBgGaQrbMmY3ekuJP45CIF0f6/HjKIvSv04EoyX9s=
github.com/haoxu0809/pkg v0.0.0-20220818095901-e896cfde8789/go.mod h1:KmcsVvCsBlF+X7hS0TdZmuDrkGg7iBo/QHQejl0rlyA=
github.com/haoxu0809/pkg v0.0.0-20220818101700-0668c5a14e22 h1:V/7fLEQl/nWqreXfEFxSkrbYjh7aPgEp47PPi7BO6yA=
github.com/haoxu0809/pkg v0.0.0-20220818101700-0668c5a14e22/go.mod h1:KmcsVvCsBlF+X7hS0TdZmuDrkGg7iBo/QHQejl0rlyA=
github.com/jtolds/gls v4.20.0+incompatible h1:xdiiI2gbIgH/gLH7ADydsJ1uDOEzR8yvV7C0MuV77Wo=
github.com/jtolds/gls v4.20.0+incompatible/go.mod h1:QJZ7F/aHp+rZTRtaJ1ow/lLfFfVYBRgL+9YlvaHOwJU=
github.com/parnurzeal/gorequest v0.2.16 h1:T/5x+/4BT+nj+3eSknXmCTnEVGSzFzPGdpqmUVVZXHQ=
github.com/parnurzeal/gorequest v0.2.16/go.mod h1:3Kh2QUMJoqw3icWAecsyzkpY7UzRfDhbRdTjtNwNiUE=
github.com/pkg/errors v0.8.1 h1:iURUrRGxPUNPdy5/HRSm+Yj6okJ6UtLINN0Q9M4+h3I=
github.com/pkg/errors v0.8.1/go.mod h1:bwawxfHBFNV+L2hUp1rHADufV3IMtnDRdf1r5NINEl0=
github.com/pmezard/go-difflib v1.0.0 h1:4DBwDE0NGyQoBHbLQYPwSUPoCMWR5BEzIk/f1lZbAQM=
github.com/pmezard/go-difflib v1.0.0/go.mod h1:iKH77koFhYxTK1pcRnkKkqfTogsbg7gZNVY4sRDYZ/4=
github.com/smartystreets/assertions v1.2.0 h1:42S6lae5dvLc7BrLu/0ugRtcFVjoJNMC/N3yZFZkDFs=
github.com/smartystreets/assertions v1.2.0/go.mod h1:tcbTF8ujkAEcZ8TElKY+i30BzYlVhC/LOxJk7iOWnoo=
github.com/smartystreets/goconvey v1.7.2 h1:9RBaZCeXEQ3UselpuwUQHltGVXvdwm6cv1hgR6gDIPg=
github.com/stretchr/objx v0.1.0/go.mod h1:HFkY916IF+rwdDfMAkV7OtwuqBVzrE8GR6GFx+wExME=
github.com/stretchr/testify v1.3.0/go.mod h1:M5WIy9Dh21IEIfnGCwXGc5bZfKNJtfHm1UVUgZn+9EI=
github.com/stretchr/testify v1.7.0 h1:nwc3DEeHmmLAfoZucVR881uASk0Mfjw8xYJ99tb5CcY=
go.uber.org/atomic v1.7.0 h1:ADUqmZGgLDDfbSL9ZmPxKTybcoEYHgpYfELNoN+7hsw=
go.uber.org/atomic v1.7.0/go.mod h1:fEN4uk6kAWBTFdckzkM89CLk9XfWZrxpCo0nPH17wJc=
go.uber.org/goleak v1.1.11 h1:wy28qYRKZgnJTxGxvye5/wgWr1EKjmUDGYox5mGlRlI=
go.uber.org/multierr v1.6.0 h1:y6IPFStTAIT5Ytl7/XYmHvzXQ7S3g/IeZW9hyZ5thw4=
go.uber.org/multierr v1.6.0/go.mod h1:cdWPpRnG4AhwMwsgIHip0KRBQjJy5kYEpYjJxpXp9iU=
go.uber.org/zap v1.22.0 h1:Zcye5DUgBloQ9BaT4qc9BnjOFog5TvBSAGkJ3Nf70c0=
go.uber.org/zap v1.22.0/go.mod h1:H4siCOZOrAolnUPJEkfaSjDqyP+BDS0DdDWzwcgt3+U=
golang.org/x/net v0.0.0-20220812174116-3211cb980234 h1:RDqmgfe7SvlMWoqC3xwQ2blLO3fcWcxMa3eBLRdRW7E=
golang.org/x/net v0.0.0-20220812174116-3211cb980234/go.mod h1:YDH+HFinaLZZlnHAfSS6ZXJJ9M9t4Dl22yv3iI2vPwk=
gopkg.in/yaml.v3 v3.0.1 h1:fxVm/GzAzEWqLHuvctI91KS9hhNmmWOoWu0XTYJS7CA=
moul.io/http2curl v1.0.0 h1:6XwpyZOYsgZJrU8exnG87ncVkU1FVCcTRpwzOkTDUi8=
moul.io/http2curl v1.0.0/go.mod h1:f6cULg+e4Md/oW1cYmwW4IWQOVl2lGbmCNGOHvzX2kE=
